// !$*UTF8*$!
{
	archiveVersion = 1;
	classes = {
	};
	objectVersion = 48;
	objects = {

/* Begin PBXBuildFile section */
		84A614C2200BE83600BEB281 /* AppDelegate.swift in Sources */ = {isa = PBXBuildFile; fileRef = 84A614C1200BE83600BEB281 /* AppDelegate.swift */; };
		84A614C4200BE83600BEB281 /* ViewController.swift in Sources */ = {isa = PBXBuildFile; fileRef = 84A614C3200BE83600BEB281 /* ViewController.swift */; };
		84A614C7200BE83600BEB281 /* Main.storyboard in Resources */ = {isa = PBXBuildFile; fileRef = 84A614C5200BE83600BEB281 /* Main.storyboard */; };
		84A614CA200BE83600BEB281 /* DrawAR.xcdatamodeld in Sources */ = {isa = PBXBuildFile; fileRef = 84A614C8200BE83600BEB281 /* DrawAR.xcdatamodeld */; };
		84A614CC200BE83600BEB281 /* Assets.xcassets in Resources */ = {isa = PBXBuildFile; fileRef = 84A614CB200BE83600BEB281 /* Assets.xcassets */; };
		84A614CF200BE83600BEB281 /* LaunchScreen.storyboard in Resources */ = {isa = PBXBuildFile; fileRef = 84A614CD200BE83600BEB281 /* LaunchScreen.storyboard */; };
		84A614DA200BE83600BEB281 /* DrawARTests.swift in Sources */ = {isa = PBXBuildFile; fileRef = 84A614D9200BE83600BEB281 /* DrawARTests.swift */; };
		84A614E5200BE83600BEB281 /* DrawARUITests.swift in Sources */ = {isa = PBXBuildFile; fileRef = 84A614E4200BE83600BEB281 /* DrawARUITests.swift */; };
/* End PBXBuildFile section */

/* Begin PBXContainerItemProxy section */
		84A614D6200BE83600BEB281 /* PBXContainerItemProxy */ = {
			isa = PBXContainerItemProxy;
			containerPortal = 84A614B6200BE83600BEB281 /* Project object */;
			proxyType = 1;
			remoteGlobalIDString = 84A614BD200BE83600BEB281;
			remoteInfo = DrawAR;
		};
		84A614E1200BE83600BEB281 /* PBXContainerItemProxy */ = {
			isa = PBXContainerItemProxy;
			containerPortal = 84A614B6200BE83600BEB281 /* Project object */;
			proxyType = 1;
			remoteGlobalIDString = 84A614BD200BE83600BEB281;
			remoteInfo = DrawAR;
		};
/* End PBXContainerItemProxy section */

/* Begin PBXFileReference section */
		84A614BE200BE83600BEB281 /* DrawAR.app */ = {isa = PBXFileReference; explicitFileType = wrapper.application; includeInIndex = 0; path = DrawAR.app; sourceTree = BUILT_PRODUCTS_DIR; };
		84A614C1200BE83600BEB281 /* AppDelegate.swift */ = {isa = PBXFileReference; lastKnownFileType = sourcecode.swift; path = AppDelegate.swift; sourceTree = "<group>"; };
		84A614C3200BE83600BEB281 /* ViewController.swift */ = {isa = PBXFileReference; lastKnownFileType = sourcecode.swift; path = ViewController.swift; sourceTree = "<group>"; };
		84A614C6200BE83600BEB281 /* Base */ = {isa = PBXFileReference; lastKnownFileType = file.storyboard; name = Base; path = Base.lproj/Main.storyboard; sourceTree = "<group>"; };
		84A614C9200BE83600BEB281 /* DrawAR.xcdatamodel */ = {isa = PBXFileReference; lastKnownFileType = wrapper.xcdatamodel; path = DrawAR.xcdatamodel; sourceTree = "<group>"; };
		84A614CB200BE83600BEB281 /* Assets.xcassets */ = {isa = PBXFileReference; lastKnownFileType = folder.assetcatalog; path = Assets.xcassets; sourceTree = "<group>"; };
		84A614CE200BE83600BEB281 /* Base */ = {isa = PBXFileReference; lastKnownFileType = file.storyboard; name = Base; path = Base.lproj/LaunchScreen.storyboard; sourceTree = "<group>"; };
		84A614D0200BE83600BEB281 /* Info.plist */ = {isa = PBXFileReference; lastKnownFileType = text.plist.xml; path = Info.plist; sourceTree = "<group>"; };
		84A614D5200BE83600BEB281 /* DrawARTests.xctest */ = {isa = PBXFileReference; explicitFileType = wrapper.cfbundle; includeInIndex = 0; path = DrawARTests.xctest; sourceTree = BUILT_PRODUCTS_DIR; };
		84A614D9200BE83600BEB281 /* DrawARTests.swift */ = {isa = PBXFileReference; lastKnownFileType = sourcecode.swift; path = DrawARTests.swift; sourceTree = "<group>"; };
		84A614DB200BE83600BEB281 /* Info.plist */ = {isa = PBXFileReference; lastKnownFileType = text.plist.xml; path = Info.plist; sourceTree = "<group>"; };
		84A614E0200BE83600BEB281 /* DrawARUITests.xctest */ = {isa = PBXFileReference; explicitFileType = wrapper.cfbundle; includeInIndex = 0; path = DrawARUITests.xctest; sourceTree = BUILT_PRODUCTS_DIR; };
		84A614E4200BE83600BEB281 /* DrawARUITests.swift */ = {isa = PBXFileReference; lastKnownFileType = sourcecode.swift; path = DrawARUITests.swift; sourceTree = "<group>"; };
		84A614E6200BE83600BEB281 /* Info.plist */ = {isa = PBXFileReference; lastKnownFileType = text.plist.xml; path = Info.plist; sourceTree = "<group>"; };
/* End PBXFileReference section */

/* Begin PBXFrameworksBuildPhase section */
		84A614BB200BE83600BEB281 /* Frameworks */ = {
			isa = PBXFrameworksBuildPhase;
			buildActionMask = 2147483647;
			files = (
			);
			runOnlyForDeploymentPostprocessing = 0;
		};
		84A614D2200BE83600BEB281 /* Frameworks */ = {
			isa = PBXFrameworksBuildPhase;
			buildActionMask = 2147483647;
			files = (
			);
			runOnlyForDeploymentPostprocessing = 0;
		};
		84A614DD200BE83600BEB281 /* Frameworks */ = {
			isa = PBXFrameworksBuildPhase;
			buildActionMask = 2147483647;
			files = (
			);
			runOnlyForDeploymentPostprocessing = 0;
		};
/* End PBXFrameworksBuildPhase section */

/* Begin PBXGroup section */
		84A614B5200BE83600BEB281 = {
			isa = PBXGroup;
			children = (
				84A614C0200BE83600BEB281 /* DrawAR */,
				84A614D8200BE83600BEB281 /* DrawARTests */,
				84A614E3200BE83600BEB281 /* DrawARUITests */,
				84A614BF200BE83600BEB281 /* Products */,
			);
			sourceTree = "<group>";
		};
		84A614BF200BE83600BEB281 /* Products */ = {
			isa = PBXGroup;
			children = (
				84A614BE200BE83600BEB281 /* DrawAR.app */,
				84A614D5200BE83600BEB281 /* DrawARTests.xctest */,
				84A614E0200BE83600BEB281 /* DrawARUITests.xctest */,
			);
			name = Products;
			sourceTree = "<group>";
		};
		84A614C0200BE83600BEB281 /* DrawAR */ = {
			isa = PBXGroup;
			children = (
				84A614C1200BE83600BEB281 /* AppDelegate.swift */,
				84A614C3200BE83600BEB281 /* ViewController.swift */,
				84A614C5200BE83600BEB281 /* Main.storyboard */,
				84A614CB200BE83600BEB281 /* Assets.xcassets */,
				84A614CD200BE83600BEB281 /* LaunchScreen.storyboard */,
				84A614D0200BE83600BEB281 /* Info.plist */,
				84A614C8200BE83600BEB281 /* DrawAR.xcdatamodeld */,
			);
			path = DrawAR;
			sourceTree = "<group>";
		};
		84A614D8200BE83600BEB281 /* DrawARTests */ = {
			isa = PBXGroup;
			children = (
				84A614D9200BE83600BEB281 /* DrawARTests.swift */,
				84A614DB200BE83600BEB281 /* Info.plist */,
			);
			path = DrawARTests;
			sourceTree = "<group>";
		};
		84A614E3200BE83600BEB281 /* DrawARUITests */ = {
			isa = PBXGroup;
			children = (
				84A614E4200BE83600BEB281 /* DrawARUITests.swift */,
				84A614E6200BE83600BEB281 /* Info.plist */,
			);
			path = DrawARUITests;
			sourceTree = "<group>";
		};
/* End PBXGroup section */

/* Begin PBXNativeTarget section */
		84A614BD200BE83600BEB281 /* DrawAR */ = {
			isa = PBXNativeTarget;
			buildConfigurationList = 84A614E9200BE83600BEB281 /* Build configuration list for PBXNativeTarget "DrawAR" */;
			buildPhases = (
				84A614BA200BE83600BEB281 /* Sources */,
				84A614BB200BE83600BEB281 /* Frameworks */,
				84A614BC200BE83600BEB281 /* Resources */,
			);
			buildRules = (
			);
			dependencies = (
			);
			name = DrawAR;
			productName = DrawAR;
			productReference = 84A614BE200BE83600BEB281 /* DrawAR.app */;
			productType = "com.apple.product-type.application";
		};
		84A614D4200BE83600BEB281 /* DrawARTests */ = {
			isa = PBXNativeTarget;
			buildConfigurationList = 84A614EC200BE83600BEB281 /* Build configuration list for PBXNativeTarget "DrawARTests" */;
			buildPhases = (
				84A614D1200BE83600BEB281 /* Sources */,
				84A614D2200BE83600BEB281 /* Frameworks */,
				84A614D3200BE83600BEB281 /* Resources */,
			);
			buildRules = (
			);
			dependencies = (
				84A614D7200BE83600BEB281 /* PBXTargetDependency */,
			);
			name = DrawARTests;
			productName = DrawARTests;
			productReference = 84A614D5200BE83600BEB281 /* DrawARTests.xctest */;
			productType = "com.apple.product-type.bundle.unit-test";
		};
		84A614DF200BE83600BEB281 /* DrawARUITests */ = {
			isa = PBXNativeTarget;
			buildConfigurationList = 84A614EF200BE83600BEB281 /* Build configuration list for PBXNativeTarget "DrawARUITests" */;
			buildPhases = (
				84A614DC200BE83600BEB281 /* Sources */,
				84A614DD200BE83600BEB281 /* Frameworks */,
				84A614DE200BE83600BEB281 /* Resources */,
			);
			buildRules = (
			);
			dependencies = (
				84A614E2200BE83600BEB281 /* PBXTargetDependency */,
			);
			name = DrawARUITests;
			productName = DrawARUITests;
			productReference = 84A614E0200BE83600BEB281 /* DrawARUITests.xctest */;
			productType = "com.apple.product-type.bundle.ui-testing";
		};
/* End PBXNativeTarget section */

/* Begin PBXProject section */
		84A614B6200BE83600BEB281 /* Project object */ = {
			isa = PBXProject;
			attributes = {
				LastSwiftUpdateCheck = 0920;
				LastUpgradeCheck = 0920;
				ORGANIZATIONNAME = "Jason Lee";
				TargetAttributes = {
					84A614BD200BE83600BEB281 = {
						CreatedOnToolsVersion = 9.2;
						ProvisioningStyle = Automatic;
					};
					84A614D4200BE83600BEB281 = {
						CreatedOnToolsVersion = 9.2;
						ProvisioningStyle = Automatic;
						TestTargetID = 84A614BD200BE83600BEB281;
					};
					84A614DF200BE83600BEB281 = {
						CreatedOnToolsVersion = 9.2;
						ProvisioningStyle = Automatic;
						TestTargetID = 84A614BD200BE83600BEB281;
					};
				};
			};
			buildConfigurationList = 84A614B9200BE83600BEB281 /* Build configuration list for PBXProject "DrawAR" */;
			compatibilityVersion = "Xcode 8.0";
			developmentRegion = en;
			hasScannedForEncodings = 0;
			knownRegions = (
				en,
				Base,
			);
			mainGroup = 84A614B5200BE83600BEB281;
			productRefGroup = 84A614BF200BE83600BEB281 /* Products */;
			projectDirPath = "";
			projectRoot = "";
			targets = (
				84A614BD200BE83600BEB281 /* DrawAR */,
				84A614D4200BE83600BEB281 /* DrawARTests */,
				84A614DF200BE83600BEB281 /* DrawARUITests */,
			);
		};
/* End PBXProject section */

/* Begin PBXResourcesBuildPhase section */
		84A614BC200BE83600BEB281 /* Resources */ = {
			isa = PBXResourcesBuildPhase;
			buildActionMask = 2147483647;
			files = (
				84A614CF200BE83600BEB281 /* LaunchScreen.storyboard in Resources */,
				84A614CC200BE83600BEB281 /* Assets.xcassets in Resources */,
				84A614C7200BE83600BEB281 /* Main.storyboard in Resources */,
			);
			runOnlyForDeploymentPostprocessing = 0;
		};
		84A614D3200BE83600BEB281 /* Resources */ = {
			isa = PBXResourcesBuildPhase;
			buildActionMask = 2147483647;
			files = (
			);
			runOnlyForDeploymentPostprocessing = 0;
		};
		84A614DE200BE83600BEB281 /* Resources */ = {
			isa = PBXResourcesBuildPhase;
			buildActionMask = 2147483647;
			files = (
			);
			runOnlyForDeploymentPostprocessing = 0;
		};
/* End PBXResourcesBuildPhase section */

/* Begin PBXSourcesBuildPhase section */
		84A614BA200BE83600BEB281 /* Sources */ = {
			isa = PBXSourcesBuildPhase;
			buildActionMask = 2147483647;
			files = (
				84A614CA200BE83600BEB281 /* DrawAR.xcdatamodeld in Sources */,
				84A614C4200BE83600BEB281 /* ViewController.swift in Sources */,
				84A614C2200BE83600BEB281 /* AppDelegate.swift in Sources */,
			);
			runOnlyForDeploymentPostprocessing = 0;
		};
		84A614D1200BE83600BEB281 /* Sources */ = {
			isa = PBXSourcesBuildPhase;
			buildActionMask = 2147483647;
			files = (
				84A614DA200BE83600BEB281 /* DrawARTests.swift in Sources */,
			);
			runOnlyForDeploymentPostprocessing = 0;
		};
		84A614DC200BE83600BEB281 /* Sources */ = {
			isa = PBXSourcesBuildPhase;
			buildActionMask = 2147483647;
			files = (
				84A614E5200BE83600BEB281 /* DrawARUITests.swift in Sources */,
			);
			runOnlyForDeploymentPostprocessing = 0;
		};
/* End PBXSourcesBuildPhase section */

/* Begin PBXTargetDependency section */
		84A614D7200BE83600BEB281 /* PBXTargetDependency */ = {
			isa = PBXTargetDependency;
			target = 84A614BD200BE83600BEB281 /* DrawAR */;
			targetProxy = 84A614D6200BE83600BEB281 /* PBXContainerItemProxy */;
		};
		84A614E2200BE83600BEB281 /* PBXTargetDependency */ = {
			isa = PBXTargetDependency;
			target = 84A614BD200BE83600BEB281 /* DrawAR */;
			targetProxy = 84A614E1200BE83600BEB281 /* PBXContainerItemProxy */;
		};
/* End PBXTargetDependency section */

/* Begin PBXVariantGroup section */
		84A614C5200BE83600BEB281 /* Main.storyboard */ = {
			isa = PBXVariantGroup;
			children = (
				84A614C6200BE83600BEB281 /* Base */,
			);
			name = Main.storyboard;
			sourceTree = "<group>";
		};
		84A614CD200BE83600BEB281 /* LaunchScreen.storyboard */ = {
			isa = PBXVariantGroup;
			children = (
				84A614CE200BE83600BEB281 /* Base */,
			);
			name = LaunchScreen.storyboard;
			sourceTree = "<group>";
		};
/* End PBXVariantGroup section */

/* Begin XCBuildConfiguration section */
		84A614E7200BE83600BEB281 /* Debug */ = {
			isa = XCBuildConfiguration;
			buildSettings = {
				ALWAYS_SEARCH_USER_PATHS = NO;
				CLANG_ANALYZER_NONNULL = YES;
				CLANG_ANALYZER_NUMBER_OBJECT_CONVERSION = YES_AGGRESSIVE;
				CLANG_CXX_LANGUAGE_STANDARD = "gnu++14";
				CLANG_CXX_LIBRARY = "libc++";
				CLANG_ENABLE_MODULES = YES;
				CLANG_ENABLE_OBJC_ARC = YES;
				CLANG_WARN_BLOCK_CAPTURE_AUTORELEASING = YES;
				CLANG_WARN_BOOL_CONVERSION = YES;
				CLANG_WARN_COMMA = YES;
				CLANG_WARN_CONSTANT_CONVERSION = YES;
				CLANG_WARN_DIRECT_OBJC_ISA_USAGE = YES_ERROR;
				CLANG_WARN_DOCUMENTATION_COMMENTS = YES;
				CLANG_WARN_EMPTY_BODY = YES;
				CLANG_WARN_ENUM_CONVERSION = YES;
				CLANG_WARN_INFINITE_RECURSION = YES;
				CLANG_WARN_INT_CONVERSION = YES;
				CLANG_WARN_NON_LITERAL_NULL_CONVERSION = YES;
				CLANG_WARN_OBJC_LITERAL_CONVERSION = YES;
				CLANG_WARN_OBJC_ROOT_CLASS = YES_ERROR;
				CLANG_WARN_RANGE_LOOP_ANALYSIS = YES;
				CLANG_WARN_STRICT_PROTOTYPES = YES;
				CLANG_WARN_SUSPICIOUS_MOVE = YES;
				CLANG_WARN_UNGUARDED_AVAILABILITY = YES_AGGRESSIVE;
				CLANG_WARN_UNREACHABLE_CODE = YES;
				CLANG_WARN__DUPLICATE_METHOD_MATCH = YES;
				CODE_SIGN_IDENTITY = "iPhone Developer";
				COPY_PHASE_STRIP = NO;
				DEBUG_INFORMATION_FORMAT = dwarf;
				ENABLE_STRICT_OBJC_MSGSEND = YES;
				ENABLE_TESTABILITY = YES;
				GCC_C_LANGUAGE_STANDARD = gnu11;
				GCC_DYNAMIC_NO_PIC = NO;
				GCC_NO_COMMON_BLOCKS = YES;
				GCC_OPTIMIZATION_LEVEL = 0;
				GCC_PREPROCESSOR_DEFINITIONS = (
					"DEBUG=1",
					"$(inherited)",
				);
				GCC_WARN_64_TO_32_BIT_CONVERSION = YES;
				GCC_WARN_ABOUT_RETURN_TYPE = YES_ERROR;
				GCC_WARN_UNDECLARED_SELECTOR = YES;
				GCC_WARN_UNINITIALIZED_AUTOS = YES_AGGRESSIVE;
				GCC_WARN_UNUSED_FUNCTION = YES;
				GCC_WARN_UNUSED_VARIABLE = YES;
				IPHONEOS_DEPLOYMENT_TARGET = 11.2;
				MTL_ENABLE_DEBUG_INFO = YES;
				ONLY_ACTIVE_ARCH = YES;
				SDKROOT = iphoneos;
				SWIFT_ACTIVE_COMPILATION_CONDITIONS = DEBUG;
				SWIFT_OPTIMIZATION_LEVEL = "-Onone";
			};
			name = Debug;
		};
		84A614E8200BE83600BEB281 /* Release */ = {
			isa = XCBuildConfiguration;
			buildSettings = {
				ALWAYS_SEARCH_USER_PATHS = NO;
				CLANG_ANALYZER_NONNULL = YES;
				CLANG_ANALYZER_NUMBER_OBJECT_CONVERSION = YES_AGGRESSIVE;
				CLANG_CXX_LANGUAGE_STANDARD = "gnu++14";
				CLANG_CXX_LIBRARY = "libc++";
				CLANG_ENABLE_MODULES = YES;
				CLANG_ENABLE_OBJC_ARC = YES;
				CLANG_WARN_BLOCK_CAPTURE_AUTORELEASING = YES;
				CLANG_WARN_BOOL_CONVERSION = YES;
				CLANG_WARN_COMMA = YES;
				CLANG_WARN_CONSTANT_CONVERSION = YES;
				CLANG_WARN_DIRECT_OBJC_ISA_USAGE = YES_ERROR;
				CLANG_WARN_DOCUMENTATION_COMMENTS = YES;
				CLANG_WARN_EMPTY_BODY = YES;
				CLANG_WARN_ENUM_CONVERSION = YES;
				CLANG_WARN_INFINITE_RECURSION = YES;
				CLANG_WARN_INT_CONVERSION = YES;
				CLANG_WARN_NON_LITERAL_NULL_CONVERSION = YES;
				CLANG_WARN_OBJC_LITERAL_CONVERSION = YES;
				CLANG_WARN_OBJC_ROOT_CLASS = YES_ERROR;
				CLANG_WARN_RANGE_LOOP_ANALYSIS = YES;
				CLANG_WARN_STRICT_PROTOTYPES = YES;
				CLANG_WARN_SUSPICIOUS_MOVE = YES;
				CLANG_WARN_UNGUARDED_AVAILABILITY = YES_AGGRESSIVE;
				CLANG_WARN_UNREACHABLE_CODE = YES;
				CLANG_WARN__DUPLICATE_METHOD_MATCH = YES;
				CODE_SIGN_IDENTITY = "iPhone Developer";
				COPY_PHASE_STRIP = NO;
				DEBUG_INFORMATION_FORMAT = "dwarf-with-dsym";
				ENABLE_NS_ASSERTIONS = NO;
				ENABLE_STRICT_OBJC_MSGSEND = YES;
				GCC_C_LANGUAGE_STANDARD = gnu11;
				GCC_NO_COMMON_BLOCKS = YES;
				GCC_WARN_64_TO_32_BIT_CONVERSION = YES;
				GCC_WARN_ABOUT_RETURN_TYPE = YES_ERROR;
				GCC_WARN_UNDECLARED_SELECTOR = YES;
				GCC_WARN_UNINITIALIZED_AUTOS = YES_AGGRESSIVE;
				GCC_WARN_UNUSED_FUNCTION = YES;
				GCC_WARN_UNUSED_VARIABLE = YES;
				IPHONEOS_DEPLOYMENT_TARGET = 11.2;
				MTL_ENABLE_DEBUG_INFO = NO;
				SDKROOT = iphoneos;
				SWIFT_OPTIMIZATION_LEVEL = "-Owholemodule";
				VALIDATE_PRODUCT = YES;
			};
			name = Release;
		};
		84A614EA200BE83600BEB281 /* Debug */ = {
			isa = XCBuildConfiguration;
			buildSettings = {
				ASSETCATALOG_COMPILER_APPICON_NAME = AppIcon;
				CODE_SIGN_STYLE = Automatic;
				DEVELOPMENT_TEAM = UW4L9B5JK4;
				INFOPLIST_FILE = DrawAR/Info.plist;
				LD_RUNPATH_SEARCH_PATHS = "$(inherited) @executable_path/Frameworks";
				PRODUCT_BUNDLE_IDENTIFIER = dojo.DrawAR;
				PRODUCT_NAME = "$(TARGET_NAME)";
				SWIFT_VERSION = 4.0;
				TARGETED_DEVICE_FAMILY = "1,2";
			};
			name = Debug;
		};
		84A614EB200BE83600BEB281 /* Release */ = {
			isa = XCBuildConfiguration;
			buildSettings = {
				ASSETCATALOG_COMPILER_APPICON_NAME = AppIcon;
				CODE_SIGN_STYLE = Automatic;
				DEVELOPMENT_TEAM = UW4L9B5JK4;
				INFOPLIST_FILE = DrawAR/Info.plist;
				LD_RUNPATH_SEARCH_PATHS = "$(inherited) @executable_path/Frameworks";
				PRODUCT_BUNDLE_IDENTIFIER = dojo.DrawAR;
				PRODUCT_NAME = "$(TARGET_NAME)";
				SWIFT_VERSION = 4.0;
				TARGETED_DEVICE_FAMILY = "1,2";
			};
			name = Release;
		};
		84A614ED200BE83600BEB281 /* Debug */ = {
			isa = XCBuildConfiguration;
			buildSettings = {
				ALWAYS_EMBED_SWIFT_STANDARD_LIBRARIES = YES;
				BUNDLE_LOADER = "$(TEST_HOST)";
				CODE_SIGN_STYLE = Automatic;
				DEVELOPMENT_TEAM = UW4L9B5JK4;
				INFOPLIST_FILE = DrawARTests/Info.plist;
				LD_RUNPATH_SEARCH_PATHS = "$(inherited) @executable_path/Frameworks @loader_path/Frameworks";
				PRODUCT_BUNDLE_IDENTIFIER = dojo.DrawARTests;
				PRODUCT_NAME = "$(TARGET_NAME)";
				SWIFT_VERSION = 4.0;
				TARGETED_DEVICE_FAMILY = "1,2";
				TEST_HOST = "$(BUILT_PRODUCTS_DIR)/DrawAR.app/DrawAR";
			};
			name = Debug;
		};
		84A614EE200BE83600BEB281 /* Release */ = {
			isa = XCBuildConfiguration;
			buildSettings = {
				ALWAYS_EMBED_SWIFT_STANDARD_LIBRARIES = YES;
				BUNDLE_LOADER = "$(TEST_HOST)";
				CODE_SIGN_STYLE = Automatic;
				DEVELOPMENT_TEAM = UW4L9B5JK4;
				INFOPLIST_FILE = DrawARTests/Info.plist;
				LD_RUNPATH_SEARCH_PATHS = "$(inherited) @executable_path/Frameworks @loader_path/Frameworks";
				PRODUCT_BUNDLE_IDENTIFIER = dojo.DrawARTests;
				PRODUCT_NAME = "$(TARGET_NAME)";
				SWIFT_VERSION = 4.0;
				TARGETED_DEVICE_FAMILY = "1,2";
				TEST_HOST = "$(BUILT_PRODUCTS_DIR)/DrawAR.app/DrawAR";
			};
			name = Release;
		};
		84A614F0200BE83600BEB281 /* Debug */ = {
			isa = XCBuildConfiguration;
			buildSettings = {
				ALWAYS_EMBED_SWIFT_STANDARD_LIBRARIES = YES;
				CODE_SIGN_STYLE = Automatic;
				DEVELOPMENT_TEAM = UW4L9B5JK4;
				INFOPLIST_FILE = DrawARUITests/Info.plist;
				LD_RUNPATH_SEARCH_PATHS = "$(inherited) @executable_path/Frameworks @loader_path/Frameworks";
				PRODUCT_BUNDLE_IDENTIFIER = dojo.DrawARUITests;
				PRODUCT_NAME = "$(TARGET_NAME)";
				SWIFT_VERSION = 4.0;
				TARGETED_DEVICE_FAMILY = "1,2";
				TEST_TARGET_NAME = DrawAR;
			};
			name = Debug;
		};
		84A614F1200BE83600BEB281 /* Release */ = {
			isa = XCBuildConfiguration;
			buildSettings = {
				ALWAYS_EMBED_SWIFT_STANDARD_LIBRARIES = YES;
				CODE_SIGN_STYLE = Automatic;
				DEVELOPMENT_TEAM = UW4L9B5JK4;
				INFOPLIST_FILE = DrawARUITests/Info.plist;
				LD_RUNPATH_SEARCH_PATHS = "$(inherited) @executable_path/Frameworks @loader_path/Frameworks";
				PRODUCT_BUNDLE_IDENTIFIER = dojo.DrawARUITests;
				PRODUCT_NAME = "$(TARGET_NAME)";
				SWIFT_VERSION = 4.0;
				TARGETED_DEVICE_FAMILY = "1,2";
				TEST_TARGET_NAME = DrawAR;
			};
			name = Release;
		};
/* End XCBuildConfiguration section */

/* Begin XCConfigurationList section */
		84A614B9200BE83600BEB281 /* Build configuration list for PBXProject "DrawAR" */ = {
			isa = XCConfigurationList;
			buildConfigurations = (
				84A614E7200BE83600BEB281 /* Debug */,
				84A614E8200BE83600BEB281 /* Release */,
			);
			defaultConfigurationIsVisible = 0;
			defaultConfigurationName = Release;
		};
		84A614E9200BE83600BEB281 /* Build configuration list for PBXNativeTarget "DrawAR" */ = {
			isa = XCConfigurationList;
			buildConfigurations = (
				84A614EA200BE83600BEB281 /* Debug */,
				84A614EB200BE83600BEB281 /* Release */,
			);
			defaultConfigurationIsVisible = 0;
			defaultConfigurationName = Release;
		};
		84A614EC200BE83600BEB281 /* Build configuration list for PBXNativeTarget "DrawARTests" */ = {
			isa = XCConfigurationList;
			buildConfigurations = (
				84A614ED200BE83600BEB281 /* Debug */,
				84A614EE200BE83600BEB281 /* Release */,
			);
			defaultConfigurationIsVisible = 0;
			defaultConfigurationName = Release;
		};
		84A614EF200BE83600BEB281 /* Build configuration list for PBXNativeTarget "DrawARUITests" */ = {
			isa = XCConfigurationList;
			buildConfigurations = (
				84A614F0200BE83600BEB281 /* Debug */,
				84A614F1200BE83600BEB281 /* Release */,
			);
			defaultConfigurationIsVisible = 0;
			defaultConfigurationName = Release;
		};
/* End XCConfigurationList section */

/* Begin XCVersionGroup section */
		84A614C8200BE83600BEB281 /* DrawAR.xcdatamodeld */ = {
			isa = XCVersionGroup;
			children = (
				84A614C9200BE83600BEB281 /* DrawAR.xcdatamodel */,
			);
			currentVersion = 84A614C9200BE83600BEB281 /* DrawAR.xcdatamodel */;
			path = DrawAR.xcdatamodeld;
			sourceTree = "<group>";
			versionGroupType = wrapper.xcdatamodel;
		};
/* End XCVersionGroup section */
	};
	rootObject = 84A614B6200BE83600BEB281 /* Project object */;
}
